
Microsoft Visual Studio Solution File, Format Version 12.00
# Visual Studio Version 17
VisualStudioVersion = 17.10.34928.147
MinimumVisualStudioVersion = 10.0.40219.1
Project("{FAE04EC0-301F-11D3-BF4B-00C04F79EFBC}") = "Beethoven", "Beethoven\Beethoven.csproj", "{AFCC3516-2C33-43A3-8C94-219F8A10016A}"
EndProject
Global
	GlobalSection(SolutionConfigurationPlatforms) = preSolution
		Debug|Any CPU = Debug|Any CPU
		Release|Any CPU = Release|Any CPU
	EndGlobalSection
	GlobalSection(ProjectConfigurationPlatforms) = postSolution
		{AFCC3516-2C33-43A3-8C94-219F8A10016A}.Debug|Any CPU.ActiveCfg = Debug|Any CPU
		{AFCC3516-2C33-43A3-8C94-219F8A10016A}.Debug|Any CPU.Build.0 = Debug|Any CPU
		{AFCC3516-2C33-43A3-8C94-219F8A10016A}.Release|Any CPU.ActiveCfg = Release|Any CPU
		{AFCC3516-2C33-43A3-8C94-219F8A10016A}.Release|Any CPU.Build.0 = Release|Any CPU
	EndGlobalSection
	GlobalSection(SolutionProperties) = preSolution
		HideSolutionNode = FALSE
	EndGlobalSection
	GlobalSection(ExtensibilityGlobals) = postSolution
		SolutionGuid = {BB52DA7D-D81B-40A5-ACAB-A10E591B4C02}
	EndGlobalSection
EndGlobal
